
Microsoft Visual Studio Solution File, Format Version 12.00
# Visual Studio 15
VisualStudioVersion = 15.0.27130.2020
MinimumVisualStudioVersion = 10.0.40219.1
Project("{FAE04EC0-301F-11D3-BF4B-00C04F79EFBC}") = "UniversalCraft", "UniversalCraft.csproj", "{CFC95391-E604-4B7A-B562-6FA7665638C8}"
EndProject
Global
	GlobalSection(SolutionConfigurationPlatforms) = preSolution
		Debug|Any CPU = Debug|Any CPU
		Release|Any CPU = Release|Any CPU
	EndGlobalSection
	GlobalSection(ProjectConfigurationPlatforms) = postSolution
		{CFC95391-E604-4B7A-B562-6FA7665638C8}.Debug|Any CPU.ActiveCfg = Debug|Any CPU
		{CFC95391-E604-4B7A-B562-6FA7665638C8}.Debug|Any CPU.Build.0 = Debug|Any CPU
		{CFC95391-E604-4B7A-B562-6FA7665638C8}.Release|Any CPU.ActiveCfg = Release|Any CPU
		{CFC95391-E604-4B7A-B562-6FA7665638C8}.Release|Any CPU.Build.0 = Release|Any CPU
	EndGlobalSection
	GlobalSection(SolutionProperties) = preSolution
		HideSolutionNode = FALSE
	EndGlobalSection
	GlobalSection(ExtensibilityGlobals) = postSolution
		SolutionGuid = {FA9BB165-7896-4FA8-AA91-4C8C5CAA1C28}
	EndGlobalSection
EndGlobal
